// !$*UTF8*$!
{
	archiveVersion = 1;
	classes = {
	};
	objectVersion = 48;
	objects = {

/* Begin PBXBuildFile section */
		C483DE6120356C4D00CDC579 /* AppDelegate.swift in Sources */ = {isa = PBXBuildFile; fileRef = C483DE6020356C4D00CDC579 /* AppDelegate.swift */; };
		C483DE6320356C4D00CDC579 /* GameScene.sks in Resources */ = {isa = PBXBuildFile; fileRef = C483DE6220356C4D00CDC579 /* GameScene.sks */; };
		C483DE6720356C4D00CDC579 /* GameScene.swift in Sources */ = {isa = PBXBuildFile; fileRef = C483DE6620356C4D00CDC579 /* GameScene.swift */; };
		C483DE6920356C4D00CDC579 /* ViewController.swift in Sources */ = {isa = PBXBuildFile; fileRef = C483DE6820356C4D00CDC579 /* ViewController.swift */; };
		C483DE6B20356C4D00CDC579 /* Assets.xcassets in Resources */ = {isa = PBXBuildFile; fileRef = C483DE6A20356C4D00CDC579 /* Assets.xcassets */; };
		C483DE6E20356C4D00CDC579 /* Main.storyboard in Resources */ = {isa = PBXBuildFile; fileRef = C483DE6C20356C4D00CDC579 /* Main.storyboard */; };
		C483DE7720356CBE00CDC579 /* Cell.swift in Sources */ = {isa = PBXBuildFile; fileRef = C483DE7620356CBE00CDC579 /* Cell.swift */; };
		C483DE7920357A6D00CDC579 /* Grid.swift in Sources */ = {isa = PBXBuildFile; fileRef = C483DE7820357A6D00CDC579 /* Grid.swift */; };
/* End PBXBuildFile section */

/* Begin PBXFileReference section */
		C483DE5D20356C4D00CDC579 /* Maze Generation.app */ = {isa = PBXFileReference; explicitFileType = wrapper.application; includeInIndex = 0; path = "Maze Generation.app"; sourceTree = BUILT_PRODUCTS_DIR; };
		C483DE6020356C4D00CDC579 /* AppDelegate.swift */ = {isa = PBXFileReference; lastKnownFileType = sourcecode.swift; path = AppDelegate.swift; sourceTree = "<group>"; };
		C483DE6220356C4D00CDC579 /* GameScene.sks */ = {isa = PBXFileReference; lastKnownFileType = file.sks; path = GameScene.sks; sourceTree = "<group>"; };
		C483DE6620356C4D00CDC579 /* GameScene.swift */ = {isa = PBXFileReference; lastKnownFileType = sourcecode.swift; path = GameScene.swift; sourceTree = "<group>"; };
		C483DE6820356C4D00CDC579 /* ViewController.swift */ = {isa = PBXFileReference; lastKnownFileType = sourcecode.swift; path = ViewController.swift; sourceTree = "<group>"; };
		C483DE6A20356C4D00CDC579 /* Assets.xcassets */ = {isa = PBXFileReference; lastKnownFileType = folder.assetcatalog; path = Assets.xcassets; sourceTree = "<group>"; };
		C483DE6D20356C4D00CDC579 /* Base */ = {isa = PBXFileReference; lastKnownFileType = file.storyboard; name = Base; path = Base.lproj/Main.storyboard; sourceTree = "<group>"; };
		C483DE6F20356C4D00CDC579 /* Info.plist */ = {isa = PBXFileReference; lastKnownFileType = text.plist.xml; path = Info.plist; sourceTree = "<group>"; };
		C483DE7020356C4D00CDC579 /* CC010_Maze_Generation.entitlements */ = {isa = PBXFileReference; lastKnownFileType = text.plist.entitlements; path = CC010_Maze_Generation.entitlements; sourceTree = "<group>"; };
		C483DE7620356CBE00CDC579 /* Cell.swift */ = {isa = PBXFileReference; lastKnownFileType = sourcecode.swift; path = Cell.swift; sourceTree = "<group>"; };
		C483DE7820357A6D00CDC579 /* Grid.swift */ = {isa = PBXFileReference; lastKnownFileType = sourcecode.swift; path = Grid.swift; sourceTree = "<group>"; };
		C483DE7A2035AFF400CDC579 /* README.md */ = {isa = PBXFileReference; lastKnownFileType = net.daringfireball.markdown; path = README.md; sourceTree = SOURCE_ROOT; };
/* End PBXFileReference section */

/* Begin PBXFrameworksBuildPhase section */
		C483DE5A20356C4D00CDC579 /* Frameworks */ = {
			isa = PBXFrameworksBuildPhase;
			buildActionMask = 2147483647;
			files = (
			);
			runOnlyForDeploymentPostprocessing = 0;
		};
/* End PBXFrameworksBuildPhase section */

/* Begin PBXGroup section */
		C483DE5420356C4D00CDC579 = {
			isa = PBXGroup;
			children = (
				C483DE5F20356C4D00CDC579 /* CC010-Maze Generation */,
				C483DE5E20356C4D00CDC579 /* Products */,
			);
			sourceTree = "<group>";
		};
		C483DE5E20356C4D00CDC579 /* Products */ = {
			isa = PBXGroup;
			children = (
				C483DE5D20356C4D00CDC579 /* Maze Generation.app */,
			);
			name = Products;
			sourceTree = "<group>";
		};
		C483DE5F20356C4D00CDC579 /* CC010-Maze Generation */ = {
			isa = PBXGroup;
			children = (
				C483DE7A2035AFF400CDC579 /* README.md */,
				C483DE6020356C4D00CDC579 /* AppDelegate.swift */,
				C483DE6220356C4D00CDC579 /* GameScene.sks */,
				C483DE6620356C4D00CDC579 /* GameScene.swift */,
				C483DE6820356C4D00CDC579 /* ViewController.swift */,
				C483DE6A20356C4D00CDC579 /* Assets.xcassets */,
				C483DE6C20356C4D00CDC579 /* Main.storyboard */,
				C483DE6F20356C4D00CDC579 /* Info.plist */,
				C483DE7020356C4D00CDC579 /* CC010_Maze_Generation.entitlements */,
				C483DE7620356CBE00CDC579 /* Cell.swift */,
				C483DE7820357A6D00CDC579 /* Grid.swift */,
			);
			path = "CC010-Maze Generation";
			sourceTree = "<group>";
		};
/* End PBXGroup section */

/* Begin PBXNativeTarget section */
		C483DE5C20356C4D00CDC579 /* Maze Generation */ = {
			isa = PBXNativeTarget;
			buildConfigurationList = C483DE7320356C4D00CDC579 /* Build configuration list for PBXNativeTarget "Maze Generation" */;
			buildPhases = (
				C483DE5920356C4D00CDC579 /* Sources */,
				C483DE5A20356C4D00CDC579 /* Frameworks */,
				C483DE5B20356C4D00CDC579 /* Resources */,
			);
			buildRules = (
			);
			dependencies = (
			);
			name = "Maze Generation";
			productName = "CC010-Maze Generation";
			productReference = C483DE5D20356C4D00CDC579 /* Maze Generation.app */;
			productType = "com.apple.product-type.application";
		};
/* End PBXNativeTarget section */

/* Begin PBXProject section */
		C483DE5520356C4D00CDC579 /* Project object */ = {
			isa = PBXProject;
			attributes = {
				LastSwiftUpdateCheck = 0920;
				LastUpgradeCheck = 0920;
				ORGANIZATIONNAME = "Bob Voorneveld";
				TargetAttributes = {
					C483DE5C20356C4D00CDC579 = {
						CreatedOnToolsVersion = 9.2;
						ProvisioningStyle = Automatic;
					};
				};
			};
			buildConfigurationList = C483DE5820356C4D00CDC579 /* Build configuration list for PBXProject "CC010-Maze Generation" */;
			compatibilityVersion = "Xcode 8.0";
			developmentRegion = en;
			hasScannedForEncodings = 0;
			knownRegions = (
				en,
				Base,
			);
			mainGroup = C483DE5420356C4D00CDC579;
			productRefGroup = C483DE5E20356C4D00CDC579 /* Products */;
			projectDirPath = "";
			projectRoot = "";
			targets = (
				C483DE5C20356C4D00CDC579 /* Maze Generation */,
			);
		};
/* End PBXProject section */

/* Begin PBXResourcesBuildPhase section */
		C483DE5B20356C4D00CDC579 /* Resources */ = {
			isa = PBXResourcesBuildPhase;
			buildActionMask = 2147483647;
			files = (
				C483DE6320356C4D00CDC579 /* GameScene.sks in Resources */,
				C483DE6B20356C4D00CDC579 /* Assets.xcassets in Resources */,
				C483DE6E20356C4D00CDC579 /* Main.storyboard in Resources */,
			);
			runOnlyForDeploymentPostprocessing = 0;
		};
/* End PBXResourcesBuildPhase section */

/* Begin PBXSourcesBuildPhase section */
		C483DE5920356C4D00CDC579 /* Sources */ = {
			isa = PBXSourcesBuildPhase;
			buildActionMask = 2147483647;
			files = (
				C483DE6920356C4D00CDC579 /* ViewController.swift in Sources */,
				C483DE7720356CBE00CDC579 /* Cell.swift in Sources */,
				C483DE6720356C4D00CDC579 /* GameScene.swift in Sources */,
				C483DE7920357A6D00CDC579 /* Grid.swift in Sources */,
				C483DE6120356C4D00CDC579 /* AppDelegate.swift in Sources */,
			);
			runOnlyForDeploymentPostprocessing = 0;
		};
/* End PBXSourcesBuildPhase section */

/* Begin PBXVariantGroup section */
		C483DE6C20356C4D00CDC579 /* Main.storyboard */ = {
			isa = PBXVariantGroup;
			children = (
				C483DE6D20356C4D00CDC579 /* Base */,
			);
			name = Main.storyboard;
			sourceTree = "<group>";
		};
/* End PBXVariantGroup section */

/* Begin XCBuildConfiguration section */
		C483DE7120356C4D00CDC579 /* Debug */ = {
			isa = XCBuildConfiguration;
			buildSettings = {
				ALWAYS_SEARCH_USER_PATHS = NO;
				CLANG_ANALYZER_NONNULL = YES;
				CLANG_ANALYZER_NUMBER_OBJECT_CONVERSION = YES_AGGRESSIVE;
				CLANG_CXX_LANGUAGE_STANDARD = "gnu++14";
				CLANG_CXX_LIBRARY = "libc++";
				CLANG_ENABLE_MODULES = YES;
				CLANG_ENABLE_OBJC_ARC = YES;
				CLANG_WARN_BLOCK_CAPTURE_AUTORELEASING = YES;
				CLANG_WARN_BOOL_CONVERSION = YES;
				CLANG_WARN_COMMA = YES;
				CLANG_WARN_CONSTANT_CONVERSION = YES;
				CLANG_WARN_DIRECT_OBJC_ISA_USAGE = YES_ERROR;
				CLANG_WARN_DOCUMENTATION_COMMENTS = YES;
				CLANG_WARN_EMPTY_BODY = YES;
				CLANG_WARN_ENUM_CONVERSION = YES;
				CLANG_WARN_INFINITE_RECURSION = YES;
				CLANG_WARN_INT_CONVERSION = YES;
				CLANG_WARN_NON_LITERAL_NULL_CONVERSION = YES;
				CLANG_WARN_OBJC_LITERAL_CONVERSION = YES;
				CLANG_WARN_OBJC_ROOT_CLASS = YES_ERROR;
				CLANG_WARN_RANGE_LOOP_ANALYSIS = YES;
				CLANG_WARN_STRICT_PROTOTYPES = YES;
				CLANG_WARN_SUSPICIOUS_MOVE = YES;
				CLANG_WARN_UNGUARDED_AVAILABILITY = YES_AGGRESSIVE;
				CLANG_WARN_UNREACHABLE_CODE = YES;
				CLANG_WARN__DUPLICATE_METHOD_MATCH = YES;
				CODE_SIGN_IDENTITY = "Mac Developer";
				COPY_PHASE_STRIP = NO;
				DEBUG_INFORMATION_FORMAT = dwarf;
				ENABLE_STRICT_OBJC_MSGSEND = YES;
				ENABLE_TESTABILITY = YES;
				GCC_C_LANGUAGE_STANDARD = gnu11;
				GCC_DYNAMIC_NO_PIC = NO;
				GCC_NO_COMMON_BLOCKS = YES;
				GCC_OPTIMIZATION_LEVEL = 0;
				GCC_PREPROCESSOR_DEFINITIONS = (
					"DEBUG=1",
					"$(inherited)",
				);
				GCC_WARN_64_TO_32_BIT_CONVERSION = YES;
				GCC_WARN_ABOUT_RETURN_TYPE = YES_ERROR;
				GCC_WARN_UNDECLARED_SELECTOR = YES;
				GCC_WARN_UNINITIALIZED_AUTOS = YES_AGGRESSIVE;
				GCC_WARN_UNUSED_FUNCTION = YES;
				GCC_WARN_UNUSED_VARIABLE = YES;
				MACOSX_DEPLOYMENT_TARGET = 10.13;
				MTL_ENABLE_DEBUG_INFO = YES;
				ONLY_ACTIVE_ARCH = YES;
				SDKROOT = macosx;
				SWIFT_ACTIVE_COMPILATION_CONDITIONS = DEBUG;
				SWIFT_OPTIMIZATION_LEVEL = "-Onone";
			};
			name = Debug;
		};
		C483DE7220356C4D00CDC579 /* Release */ = {
			isa = XCBuildConfiguration;
			buildSettings = {
				ALWAYS_SEARCH_USER_PATHS = NO;
				CLANG_ANALYZER_NONNULL = YES;
				CLANG_ANALYZER_NUMBER_OBJECT_CONVERSION = YES_AGGRESSIVE;
				CLANG_CXX_LANGUAGE_STANDARD = "gnu++14";
				CLANG_CXX_LIBRARY = "libc++";
				CLANG_ENABLE_MODULES = YES;
				CLANG_ENABLE_OBJC_ARC = YES;
				CLANG_WARN_BLOCK_CAPTURE_AUTORELEASING = YES;
				CLANG_WARN_BOOL_CONVERSION = YES;
				CLANG_WARN_COMMA = YES;
				CLANG_WARN_CONSTANT_CONVERSION = YES;
				CLANG_WARN_DIRECT_OBJC_ISA_USAGE = YES_ERROR;
				CLANG_WARN_DOCUMENTATION_COMMENTS = YES;
				CLANG_WARN_EMPTY_BODY = YES;
				CLANG_WARN_ENUM_CONVERSION = YES;
				CLANG_WARN_INFINITE_RECURSION = YES;
				CLANG_WARN_INT_CONVERSION = YES;
				CLANG_WARN_NON_LITERAL_NULL_CONVERSION = YES;
				CLANG_WARN_OBJC_LITERAL_CONVERSION = YES;
				CLANG_WARN_OBJC_ROOT_CLASS = YES_ERROR;
				CLANG_WARN_RANGE_LOOP_ANALYSIS = YES;
				CLANG_WARN_STRICT_PROTOTYPES = YES;
				CLANG_WARN_SUSPICIOUS_MOVE = YES;
				CLANG_WARN_UNGUARDED_AVAILABILITY = YES_AGGRESSIVE;
				CLANG_WARN_UNREACHABLE_CODE = YES;
				CLANG_WARN__DUPLICATE_METHOD_MATCH = YES;
				CODE_SIGN_IDENTITY = "Mac Developer";
				COPY_PHASE_STRIP = NO;
				DEBUG_INFORMATION_FORMAT = "dwarf-with-dsym";
				ENABLE_NS_ASSERTIONS = NO;
				ENABLE_STRICT_OBJC_MSGSEND = YES;
				GCC_C_LANGUAGE_STANDARD = gnu11;
				GCC_NO_COMMON_BLOCKS = YES;
				GCC_WARN_64_TO_32_BIT_CONVERSION = YES;
				GCC_WARN_ABOUT_RETURN_TYPE = YES_ERROR;
				GCC_WARN_UNDECLARED_SELECTOR = YES;
				GCC_WARN_UNINITIALIZED_AUTOS = YES_AGGRESSIVE;
				GCC_WARN_UNUSED_FUNCTION = YES;
				GCC_WARN_UNUSED_VARIABLE = YES;
				MACOSX_DEPLOYMENT_TARGET = 10.13;
				MTL_ENABLE_DEBUG_INFO = NO;
				SDKROOT = macosx;
				SWIFT_OPTIMIZATION_LEVEL = "-Owholemodule";
			};
			name = Release;
		};
		C483DE7420356C4D00CDC579 /* Debug */ = {
			isa = XCBuildConfiguration;
			buildSettings = {
				ASSETCATALOG_COMPILER_APPICON_NAME = AppIcon;
				CODE_SIGN_ENTITLEMENTS = "CC010-Maze Generation/CC010_Maze_Generation.entitlements";
				CODE_SIGN_STYLE = Automatic;
				COMBINE_HIDPI_IMAGES = YES;
				DEVELOPMENT_TEAM = HW6LNB4S4F;
				INFOPLIST_FILE = "CC010-Maze Generation/Info.plist";
				LD_RUNPATH_SEARCH_PATHS = "$(inherited) @executable_path/../Frameworks";
				PRODUCT_BUNDLE_IDENTIFIER = "nl.purplegorilla.CC010-Maze-Generation";
				PRODUCT_NAME = "$(TARGET_NAME)";
				SWIFT_VERSION = 4.0;
			};
			name = Debug;
		};
		C483DE7520356C4D00CDC579 /* Release */ = {
			isa = XCBuildConfiguration;
			buildSettings = {
				ASSETCATALOG_COMPILER_APPICON_NAME = AppIcon;
				CODE_SIGN_ENTITLEMENTS = "CC010-Maze Generation/CC010_Maze_Generation.entitlements";
				CODE_SIGN_STYLE = Automatic;
				COMBINE_HIDPI_IMAGES = YES;
				DEVELOPMENT_TEAM = HW6LNB4S4F;
				INFOPLIST_FILE = "CC010-Maze Generation/Info.plist";
				LD_RUNPATH_SEARCH_PATHS = "$(inherited) @executable_path/../Frameworks";
				PRODUCT_BUNDLE_IDENTIFIER = "nl.purplegorilla.CC010-Maze-Generation";
				PRODUCT_NAME = "$(TARGET_NAME)";
				SWIFT_VERSION = 4.0;
			};
			name = Release;
		};
/* End XCBuildConfiguration section */

/* Begin XCConfigurationList section */
		C483DE5820356C4D00CDC579 /* Build configuration list for PBXProject "CC010-Maze Generation" */ = {
			isa = XCConfigurationList;
			buildConfigurations = (
				C483DE7120356C4D00CDC579 /* Debug */,
				C483DE7220356C4D00CDC579 /* Release */,
			);
			defaultConfigurationIsVisible = 0;
			defaultConfigurationName = Release;
		};
		C483DE7320356C4D00CDC579 /* Build configuration list for PBXNativeTarget "Maze Generation" */ = {
			isa = XCConfigurationList;
			buildConfigurations = (
				C483DE7420356C4D00CDC579 /* Debug */,
				C483DE7520356C4D00CDC579 /* Release */,
			);
			defaultConfigurationIsVisible = 0;
			defaultConfigurationName = Release;
		};
/* End XCConfigurationList section */
	};
	rootObject = C483DE5520356C4D00CDC579 /* Project object */;
}
